
Microsoft Visual Studio Solution File, Format Version 12.00
# Visual Studio 15
VisualStudioVersion = 15.0.28307.779
MinimumVisualStudioVersion = 10.0.40219.1
Project("{FAE04EC0-301F-11D3-BF4B-00C04F79EFBC}") = "MarissaGoncalvesLab7", "MarissaGoncalvesLab7\MarissaGoncalvesLab7.csproj", "{A2B7989B-79DA-4358-B762-9DEE6BE23162}"
EndProject
Global
	GlobalSection(SolutionConfigurationPlatforms) = preSolution
		Debug|Any CPU = Debug|Any CPU
		Release|Any CPU = Release|Any CPU
	EndGlobalSection
	GlobalSection(ProjectConfigurationPlatforms) = postSolution
		{A2B7989B-79DA-4358-B762-9DEE6BE23162}.Debug|Any CPU.ActiveCfg = Debug|Any CPU
		{A2B7989B-79DA-4358-B762-9DEE6BE23162}.Debug|Any CPU.Build.0 = Debug|Any CPU
		{A2B7989B-79DA-4358-B762-9DEE6BE23162}.Release|Any CPU.ActiveCfg = Release|Any CPU
		{A2B7989B-79DA-4358-B762-9DEE6BE23162}.Release|Any CPU.Build.0 = Release|Any CPU
	EndGlobalSection
	GlobalSection(SolutionProperties) = preSolution
		HideSolutionNode = FALSE
	EndGlobalSection
	GlobalSection(ExtensibilityGlobals) = postSolution
		SolutionGuid = {CE7120DF-9C3D-4412-86D8-EE3335ACCD9D}
	EndGlobalSection
EndGlobal
